{
    "symfony/http-foundation": {
        "version": "v4.3.4"
    },
    "symfony/mime": {
        "version": "v4.3.4"
    },
    "symfony/polyfill-intl-idn": {
        "version": "v1.12.0"
    },
    "symfony/polyfill-mbstring": {
        "version": "v1.12.0"
    },
    "symfony/polyfill-php72": {
        "version": "v1.12.0"
    }
}
